
Microsoft Visual Studio Solution File, Format Version 11.00
# Visual Studio 2010
Project("{8BC9CEB8-8B4A-11D0-8D11-00A0C91BC942}") = "LED_DisplayInspect", "LED_DisplayInspect.vcxproj", "{262B3FC1-094F-40FE-AB16-8FC8B84BCB8F}"
EndProject
Global
	GlobalSection(SolutionConfigurationPlatforms) = preSolution
		Debug|Win32 = Debug|Win32
		Release|Win32 = Release|Win32
	EndGlobalSection
	GlobalSection(ProjectConfigurationPlatforms) = postSolution
		{262B3FC1-094F-40FE-AB16-8FC8B84BCB8F}.Debug|Win32.ActiveCfg = Debug|Win32
		{262B3FC1-094F-40FE-AB16-8FC8B84BCB8F}.Debug|Win32.Build.0 = Debug|Win32
		{262B3FC1-094F-40FE-AB16-8FC8B84BCB8F}.Release|Win32.ActiveCfg = Release|Win32
		{262B3FC1-094F-40FE-AB16-8FC8B84BCB8F}.Release|Win32.Build.0 = Release|Win32
	EndGlobalSection
	GlobalSection(SolutionProperties) = preSolution
		HideSolutionNode = FALSE
	EndGlobalSection
EndGlobal
